
Microsoft Visual Studio Solution File, Format Version 12.00
# Visual Studio 14
VisualStudioVersion = 14.0.25420.1
MinimumVisualStudioVersion = 10.0.40219.1
Project("{FAE04EC0-301F-11D3-BF4B-00C04F79EFBC}") = "DapperParameters", "DapperParameters\DapperParameters.csproj", "{82DEE5FE-4D79-4D1D-9585-C29F9632E061}"
EndProject
Project("{2150E333-8FDC-42A3-9474-1A3956D46DE8}") = "Solution Items", "Solution Items", "{877F8A19-65DE-4604-8F01-459865CB6ABE}"
	ProjectSection(SolutionItems) = preProject
		..\package.nuspec = ..\package.nuspec
	EndProjectSection
EndProject
Project("{FAE04EC0-301F-11D3-BF4B-00C04F79EFBC}") = "DapperParameters.Tests", "DapperParameters.Tests\DapperParameters.Tests.csproj", "{78732B48-15CA-4149-912C-3AA8E3607B69}"
EndProject
Global
	GlobalSection(SolutionConfigurationPlatforms) = preSolution
		Debug|Any CPU = Debug|Any CPU
		Release|Any CPU = Release|Any CPU
	EndGlobalSection
	GlobalSection(ProjectConfigurationPlatforms) = postSolution
		{82DEE5FE-4D79-4D1D-9585-C29F9632E061}.Debug|Any CPU.ActiveCfg = Debug|Any CPU
		{82DEE5FE-4D79-4D1D-9585-C29F9632E061}.Debug|Any CPU.Build.0 = Debug|Any CPU
		{82DEE5FE-4D79-4D1D-9585-C29F9632E061}.Release|Any CPU.ActiveCfg = Release|Any CPU
		{82DEE5FE-4D79-4D1D-9585-C29F9632E061}.Release|Any CPU.Build.0 = Release|Any CPU
		{78732B48-15CA-4149-912C-3AA8E3607B69}.Debug|Any CPU.ActiveCfg = Debug|Any CPU
		{78732B48-15CA-4149-912C-3AA8E3607B69}.Debug|Any CPU.Build.0 = Debug|Any CPU
		{78732B48-15CA-4149-912C-3AA8E3607B69}.Release|Any CPU.ActiveCfg = Release|Any CPU
		{78732B48-15CA-4149-912C-3AA8E3607B69}.Release|Any CPU.Build.0 = Release|Any CPU
	EndGlobalSection
	GlobalSection(SolutionProperties) = preSolution
		HideSolutionNode = FALSE
	EndGlobalSection
EndGlobal
